// !$*UTF8*$!
{
	archiveVersion = 1;
	classes = {
	};
	objectVersion = 46;
	objects = {

/* Begin PBXBuildFile section */
		735BA1011B21F0FA000B5F98 /* main.cpp in Sources */ = {isa = PBXBuildFile; fileRef = 735BA1001B21F0FA000B5F98 /* main.cpp */; };
		73EC8ED51B21F32400EAE4D4 /* event.cpp in Sources */ = {isa = PBXBuildFile; fileRef = 73EC8EC71B21F32400EAE4D4 /* event.cpp */; };
		73EC8ED61B21F32400EAE4D4 /* eventfunctions.cpp in Sources */ = {isa = PBXBuildFile; fileRef = 73EC8EC91B21F32400EAE4D4 /* eventfunctions.cpp */; };
		73EC8ED71B21F32400EAE4D4 /* eventQ.cpp in Sources */ = {isa = PBXBuildFile; fileRef = 73EC8ECB1B21F32400EAE4D4 /* eventQ.cpp */; };
		73EC8ED81B21F32400EAE4D4 /* person.cpp in Sources */ = {isa = PBXBuildFile; fileRef = 73EC8ED21B21F32400EAE4D4 /* person.cpp */; };
/* End PBXBuildFile section */

/* Begin PBXCopyFilesBuildPhase section */
		735BA0FB1B21F0FA000B5F98 /* CopyFiles */ = {
			isa = PBXCopyFilesBuildPhase;
			buildActionMask = 2147483647;
			dstPath = /usr/share/man/man1/;
			dstSubfolderSpec = 0;
			files = (
			);
			runOnlyForDeploymentPostprocessing = 1;
		};
/* End PBXCopyFilesBuildPhase section */

/* Begin PBXFileReference section */
		735BA0FD1B21F0FA000B5F98 /* HIVModel */ = {isa = PBXFileReference; explicitFileType = "compiled.mach-o.executable"; includeInIndex = 0; path = HIVModel; sourceTree = BUILT_PRODUCTS_DIR; };
		735BA1001B21F0FA000B5F98 /* main.cpp */ = {isa = PBXFileReference; lastKnownFileType = sourcecode.cpp.cpp; path = main.cpp; sourceTree = "<group>"; };
		73EC8EC61B21F32400EAE4D4 /* errorcoutmacro.h */ = {isa = PBXFileReference; fileEncoding = 4; lastKnownFileType = sourcecode.c.h; path = errorcoutmacro.h; sourceTree = "<group>"; };
		73EC8EC71B21F32400EAE4D4 /* event.cpp */ = {isa = PBXFileReference; fileEncoding = 4; lastKnownFileType = sourcecode.cpp.cpp; path = event.cpp; sourceTree = "<group>"; };
		73EC8EC81B21F32400EAE4D4 /* event.h */ = {isa = PBXFileReference; fileEncoding = 4; lastKnownFileType = sourcecode.c.h; path = event.h; sourceTree = "<group>"; };
		73EC8EC91B21F32400EAE4D4 /* eventfunctions.cpp */ = {isa = PBXFileReference; fileEncoding = 4; lastKnownFileType = sourcecode.cpp.cpp; path = eventfunctions.cpp; sourceTree = "<group>"; };
		73EC8ECA1B21F32400EAE4D4 /* eventfunctions.h */ = {isa = PBXFileReference; fileEncoding = 4; lastKnownFileType = sourcecode.c.h; path = eventfunctions.h; sourceTree = "<group>"; };
		73EC8ECB1B21F32400EAE4D4 /* eventQ.cpp */ = {isa = PBXFileReference; fileEncoding = 4; lastKnownFileType = sourcecode.cpp.cpp; path = eventQ.cpp; sourceTree = "<group>"; };
		73EC8ECC1B21F32400EAE4D4 /* eventQ.h */ = {isa = PBXFileReference; fileEncoding = 4; lastKnownFileType = sourcecode.c.h; path = eventQ.h; sourceTree = "<group>"; };
		73EC8ECD1B21F32400EAE4D4 /* fertility.csv */ = {isa = PBXFileReference; fileEncoding = 4; lastKnownFileType = text; path = fertility.csv; sourceTree = "<group>"; };
		73EC8ECE1B21F32400EAE4D4 /* HIV_incidence_men.csv */ = {isa = PBXFileReference; fileEncoding = 4; lastKnownFileType = text; path = HIV_incidence_men.csv; sourceTree = "<group>"; };
		73EC8ECF1B21F32400EAE4D4 /* HIV_incidence_women.csv */ = {isa = PBXFileReference; fileEncoding = 4; lastKnownFileType = text; path = HIV_incidence_women.csv; sourceTree = "<group>"; };
		73EC8ED01B21F32400EAE4D4 /* mortality_array_men.csv */ = {isa = PBXFileReference; fileEncoding = 4; lastKnownFileType = text; path = mortality_array_men.csv; sourceTree = "<group>"; };
		73EC8ED11B21F32400EAE4D4 /* mortality_array_women.csv */ = {isa = PBXFileReference; fileEncoding = 4; lastKnownFileType = text; path = mortality_array_women.csv; sourceTree = "<group>"; };
		73EC8ED21B21F32400EAE4D4 /* person.cpp */ = {isa = PBXFileReference; fileEncoding = 4; lastKnownFileType = sourcecode.cpp.cpp; path = person.cpp; sourceTree = "<group>"; };
		73EC8ED31B21F32400EAE4D4 /* person.h */ = {isa = PBXFileReference; fileEncoding = 4; lastKnownFileType = sourcecode.c.h; path = person.h; sourceTree = "<group>"; };
		73EC8ED41B21F32400EAE4D4 /* test.csv */ = {isa = PBXFileReference; fileEncoding = 4; lastKnownFileType = text; path = test.csv; sourceTree = "<group>"; };
/* End PBXFileReference section */

/* Begin PBXFrameworksBuildPhase section */
		735BA0FA1B21F0FA000B5F98 /* Frameworks */ = {
			isa = PBXFrameworksBuildPhase;
			buildActionMask = 2147483647;
			files = (
			);
			runOnlyForDeploymentPostprocessing = 0;
		};
/* End PBXFrameworksBuildPhase section */

/* Begin PBXGroup section */
		735BA0F41B21F0FA000B5F98 = {
			isa = PBXGroup;
			children = (
				735BA0FF1B21F0FA000B5F98 /* HIVModel */,
				735BA0FE1B21F0FA000B5F98 /* Products */,
			);
			sourceTree = "<group>";
		};
		735BA0FE1B21F0FA000B5F98 /* Products */ = {
			isa = PBXGroup;
			children = (
				735BA0FD1B21F0FA000B5F98 /* HIVModel */,
			);
			name = Products;
			sourceTree = "<group>";
		};
		735BA0FF1B21F0FA000B5F98 /* HIVModel */ = {
			isa = PBXGroup;
			children = (
				73EC8EC61B21F32400EAE4D4 /* errorcoutmacro.h */,
				73EC8EC71B21F32400EAE4D4 /* event.cpp */,
				73EC8EC81B21F32400EAE4D4 /* event.h */,
				73EC8EC91B21F32400EAE4D4 /* eventfunctions.cpp */,
				73EC8ECA1B21F32400EAE4D4 /* eventfunctions.h */,
				73EC8ECB1B21F32400EAE4D4 /* eventQ.cpp */,
				73EC8ECC1B21F32400EAE4D4 /* eventQ.h */,
				73EC8ECD1B21F32400EAE4D4 /* fertility.csv */,
				73EC8ECE1B21F32400EAE4D4 /* HIV_incidence_men.csv */,
				73EC8ECF1B21F32400EAE4D4 /* HIV_incidence_women.csv */,
				735BA1001B21F0FA000B5F98 /* main.cpp */,
				73EC8ED01B21F32400EAE4D4 /* mortality_array_men.csv */,
				73EC8ED11B21F32400EAE4D4 /* mortality_array_women.csv */,
				73EC8ED21B21F32400EAE4D4 /* person.cpp */,
				73EC8ED31B21F32400EAE4D4 /* person.h */,
				73EC8ED41B21F32400EAE4D4 /* test.csv */,
			);
			path = HIVModel;
			sourceTree = "<group>";
		};
/* End PBXGroup section */

/* Begin PBXNativeTarget section */
		735BA0FC1B21F0FA000B5F98 /* HIVModel */ = {
			isa = PBXNativeTarget;
			buildConfigurationList = 735BA1041B21F0FA000B5F98 /* Build configuration list for PBXNativeTarget "HIVModel" */;
			buildPhases = (
				735BA0F91B21F0FA000B5F98 /* Sources */,
				735BA0FA1B21F0FA000B5F98 /* Frameworks */,
				735BA0FB1B21F0FA000B5F98 /* CopyFiles */,
			);
			buildRules = (
			);
			dependencies = (
			);
			name = HIVModel;
			productName = HIVModel;
			productReference = 735BA0FD1B21F0FA000B5F98 /* HIVModel */;
			productType = "com.apple.product-type.tool";
		};
/* End PBXNativeTarget section */

/* Begin PBXProject section */
		735BA0F51B21F0FA000B5F98 /* Project object */ = {
			isa = PBXProject;
			attributes = {
				LastUpgradeCheck = 0630;
				ORGANIZATIONNAME = "Mikaela Smit";
				TargetAttributes = {
					735BA0FC1B21F0FA000B5F98 = {
						CreatedOnToolsVersion = 6.3.2;
					};
				};
			};
			buildConfigurationList = 735BA0F81B21F0FA000B5F98 /* Build configuration list for PBXProject "HIVModel" */;
			compatibilityVersion = "Xcode 3.2";
			developmentRegion = English;
			hasScannedForEncodings = 0;
			knownRegions = (
				en,
			);
			mainGroup = 735BA0F41B21F0FA000B5F98;
			productRefGroup = 735BA0FE1B21F0FA000B5F98 /* Products */;
			projectDirPath = "";
			projectRoot = "";
			targets = (
				735BA0FC1B21F0FA000B5F98 /* HIVModel */,
			);
		};
/* End PBXProject section */

/* Begin PBXSourcesBuildPhase section */
		735BA0F91B21F0FA000B5F98 /* Sources */ = {
			isa = PBXSourcesBuildPhase;
			buildActionMask = 2147483647;
			files = (
				73EC8ED51B21F32400EAE4D4 /* event.cpp in Sources */,
				735BA1011B21F0FA000B5F98 /* main.cpp in Sources */,
				73EC8ED71B21F32400EAE4D4 /* eventQ.cpp in Sources */,
				73EC8ED61B21F32400EAE4D4 /* eventfunctions.cpp in Sources */,
				73EC8ED81B21F32400EAE4D4 /* person.cpp in Sources */,
			);
			runOnlyForDeploymentPostprocessing = 0;
		};
/* End PBXSourcesBuildPhase section */

/* Begin XCBuildConfiguration section */
		735BA1021B21F0FA000B5F98 /* Debug */ = {
			isa = XCBuildConfiguration;
			buildSettings = {
				ALWAYS_SEARCH_USER_PATHS = NO;
				CLANG_CXX_LANGUAGE_STANDARD = "gnu++0x";
				CLANG_CXX_LIBRARY = "libc++";
				CLANG_ENABLE_MODULES = YES;
				CLANG_ENABLE_OBJC_ARC = YES;
				CLANG_WARN_BOOL_CONVERSION = YES;
				CLANG_WARN_CONSTANT_CONVERSION = YES;
				CLANG_WARN_DIRECT_OBJC_ISA_USAGE = YES_ERROR;
				CLANG_WARN_EMPTY_BODY = YES;
				CLANG_WARN_ENUM_CONVERSION = YES;
				CLANG_WARN_INT_CONVERSION = YES;
				CLANG_WARN_OBJC_ROOT_CLASS = YES_ERROR;
				CLANG_WARN_UNREACHABLE_CODE = YES;
				CLANG_WARN__DUPLICATE_METHOD_MATCH = YES;
				COPY_PHASE_STRIP = NO;
				DEBUG_INFORMATION_FORMAT = dwarf;
				ENABLE_STRICT_OBJC_MSGSEND = YES;
				GCC_C_LANGUAGE_STANDARD = gnu99;
				GCC_DYNAMIC_NO_PIC = NO;
				GCC_NO_COMMON_BLOCKS = YES;
				GCC_OPTIMIZATION_LEVEL = 0;
				GCC_PREPROCESSOR_DEFINITIONS = (
					"DEBUG=1",
					"$(inherited)",
				);
				GCC_SYMBOLS_PRIVATE_EXTERN = NO;
				GCC_WARN_64_TO_32_BIT_CONVERSION = YES;
				GCC_WARN_ABOUT_RETURN_TYPE = YES_ERROR;
				GCC_WARN_UNDECLARED_SELECTOR = YES;
				GCC_WARN_UNINITIALIZED_AUTOS = YES_AGGRESSIVE;
				GCC_WARN_UNUSED_FUNCTION = YES;
				GCC_WARN_UNUSED_VARIABLE = YES;
				MACOSX_DEPLOYMENT_TARGET = 10.10;
				MTL_ENABLE_DEBUG_INFO = YES;
				ONLY_ACTIVE_ARCH = YES;
				SDKROOT = macosx;
			};
			name = Debug;
		};
		735BA1031B21F0FA000B5F98 /* Release */ = {
			isa = XCBuildConfiguration;
			buildSettings = {
				ALWAYS_SEARCH_USER_PATHS = NO;
				CLANG_CXX_LANGUAGE_STANDARD = "gnu++0x";
				CLANG_CXX_LIBRARY = "libc++";
				CLANG_ENABLE_MODULES = YES;
				CLANG_ENABLE_OBJC_ARC = YES;
				CLANG_WARN_BOOL_CONVERSION = YES;
				CLANG_WARN_CONSTANT_CONVERSION = YES;
				CLANG_WARN_DIRECT_OBJC_ISA_USAGE = YES_ERROR;
				CLANG_WARN_EMPTY_BODY = YES;
				CLANG_WARN_ENUM_CONVERSION = YES;
				CLANG_WARN_INT_CONVERSION = YES;
				CLANG_WARN_OBJC_ROOT_CLASS = YES_ERROR;
				CLANG_WARN_UNREACHABLE_CODE = YES;
				CLANG_WARN__DUPLICATE_METHOD_MATCH = YES;
				COPY_PHASE_STRIP = NO;
				DEBUG_INFORMATION_FORMAT = "dwarf-with-dsym";
				ENABLE_NS_ASSERTIONS = NO;
				ENABLE_STRICT_OBJC_MSGSEND = YES;
				GCC_C_LANGUAGE_STANDARD = gnu99;
				GCC_NO_COMMON_BLOCKS = YES;
				GCC_WARN_64_TO_32_BIT_CONVERSION = YES;
				GCC_WARN_ABOUT_RETURN_TYPE = YES_ERROR;
				GCC_WARN_UNDECLARED_SELECTOR = YES;
				GCC_WARN_UNINITIALIZED_AUTOS = YES_AGGRESSIVE;
				GCC_WARN_UNUSED_FUNCTION = YES;
				GCC_WARN_UNUSED_VARIABLE = YES;
				MACOSX_DEPLOYMENT_TARGET = 10.10;
				MTL_ENABLE_DEBUG_INFO = NO;
				SDKROOT = macosx;
			};
			name = Release;
		};
		735BA1051B21F0FA000B5F98 /* Debug */ = {
			isa = XCBuildConfiguration;
			buildSettings = {
				PRODUCT_NAME = "$(TARGET_NAME)";
			};
			name = Debug;
		};
		735BA1061B21F0FA000B5F98 /* Release */ = {
			isa = XCBuildConfiguration;
			buildSettings = {
				PRODUCT_NAME = "$(TARGET_NAME)";
			};
			name = Release;
		};
/* End XCBuildConfiguration section */

/* Begin XCConfigurationList section */
		735BA0F81B21F0FA000B5F98 /* Build configuration list for PBXProject "HIVModel" */ = {
			isa = XCConfigurationList;
			buildConfigurations = (
				735BA1021B21F0FA000B5F98 /* Debug */,
				735BA1031B21F0FA000B5F98 /* Release */,
			);
			defaultConfigurationIsVisible = 0;
			defaultConfigurationName = Release;
		};
		735BA1041B21F0FA000B5F98 /* Build configuration list for PBXNativeTarget "HIVModel" */ = {
			isa = XCConfigurationList;
			buildConfigurations = (
				735BA1051B21F0FA000B5F98 /* Debug */,
				735BA1061B21F0FA000B5F98 /* Release */,
			);
			defaultConfigurationIsVisible = 0;
			defaultConfigurationName = Release;
		};
/* End XCConfigurationList section */
	};
	rootObject = 735BA0F51B21F0FA000B5F98 /* Project object */;
}
